
Microsoft Visual Studio Solution File, Format Version 12.00
# Visual Studio Version 16
VisualStudioVersion = 16.0.32428.217
MinimumVisualStudioVersion = 10.0.40219.1
Project("{FAE04EC0-301F-11D3-BF4B-00C04F79EFBC}") = "Game Center", "Game Center.csproj", "{B3EB38CC-8A19-4543-92BD-5C6468CE912B}"
EndProject
Global
	GlobalSection(SolutionConfigurationPlatforms) = preSolution
		Debug|Any CPU = Debug|Any CPU
		Release|Any CPU = Release|Any CPU
	EndGlobalSection
	GlobalSection(ProjectConfigurationPlatforms) = postSolution
		{B3EB38CC-8A19-4543-92BD-5C6468CE912B}.Debug|Any CPU.ActiveCfg = Debug|Any CPU
		{B3EB38CC-8A19-4543-92BD-5C6468CE912B}.Debug|Any CPU.Build.0 = Debug|Any CPU
		{B3EB38CC-8A19-4543-92BD-5C6468CE912B}.Release|Any CPU.ActiveCfg = Release|Any CPU
		{B3EB38CC-8A19-4543-92BD-5C6468CE912B}.Release|Any CPU.Build.0 = Release|Any CPU
	EndGlobalSection
	GlobalSection(SolutionProperties) = preSolution
		HideSolutionNode = FALSE
	EndGlobalSection
	GlobalSection(ExtensibilityGlobals) = postSolution
		SolutionGuid = {049EA7D3-48B3-430F-A566-23F6A5D3C20F}
	EndGlobalSection
EndGlobal
